
Microsoft Visual Studio Solution File, Format Version 12.00
# Visual Studio Version 16
VisualStudioVersion = 16.0.30804.86
MinimumVisualStudioVersion = 10.0.40219.1
Project("{FAE04EC0-301F-11D3-BF4B-00C04F79EFBC}") = "MediaPlayer", "MediaPlayer\MediaPlayer.csproj", "{46E6853D-37E1-4CE7-B5E4-01EE16B0002B}"
EndProject
Project("{2150E333-8FDC-42A3-9474-1A3956D46DE8}") = "Solution Items", "Solution Items", "{803B864B-369A-4B47-8AE9-6F5686C9F386}"
EndProject
Global
	GlobalSection(SolutionConfigurationPlatforms) = preSolution
		Debug|Any CPU = Debug|Any CPU
		Release|Any CPU = Release|Any CPU
	EndGlobalSection
	GlobalSection(ProjectConfigurationPlatforms) = postSolution
		{46E6853D-37E1-4CE7-B5E4-01EE16B0002B}.Debug|Any CPU.ActiveCfg = Debug|Any CPU
		{46E6853D-37E1-4CE7-B5E4-01EE16B0002B}.Debug|Any CPU.Build.0 = Debug|Any CPU
		{46E6853D-37E1-4CE7-B5E4-01EE16B0002B}.Release|Any CPU.ActiveCfg = Release|Any CPU
		{46E6853D-37E1-4CE7-B5E4-01EE16B0002B}.Release|Any CPU.Build.0 = Release|Any CPU
	EndGlobalSection
	GlobalSection(SolutionProperties) = preSolution
		HideSolutionNode = FALSE
	EndGlobalSection
	GlobalSection(ExtensibilityGlobals) = postSolution
		SolutionGuid = {E900959D-56BC-4F23-B748-655F5AC2ABE4}
	EndGlobalSection
EndGlobal
